
Microsoft Visual Studio Solution File, Format Version 12.00
# Visual Studio Version 17
VisualStudioVersion = 17.13.35931.197 d17.13
MinimumVisualStudioVersion = 10.0.40219.1
Project("{FAE04EC0-301F-11D3-BF4B-00C04F79EFBC}") = "JGualpaExamen", "JGualpaExamen.csproj", "{2200BF3B-2686-4BC3-A1C2-A240180D700C}"
EndProject
Global
	GlobalSection(SolutionConfigurationPlatforms) = preSolution
		Debug|Any CPU = Debug|Any CPU
		Release|Any CPU = Release|Any CPU
	EndGlobalSection
	GlobalSection(ProjectConfigurationPlatforms) = postSolution
		{2200BF3B-2686-4BC3-A1C2-A240180D700C}.Debug|Any CPU.ActiveCfg = Debug|Any CPU
		{2200BF3B-2686-4BC3-A1C2-A240180D700C}.Debug|Any CPU.Build.0 = Debug|Any CPU
		{2200BF3B-2686-4BC3-A1C2-A240180D700C}.Release|Any CPU.ActiveCfg = Release|Any CPU
		{2200BF3B-2686-4BC3-A1C2-A240180D700C}.Release|Any CPU.Build.0 = Release|Any CPU
	EndGlobalSection
	GlobalSection(SolutionProperties) = preSolution
		HideSolutionNode = FALSE
	EndGlobalSection
	GlobalSection(ExtensibilityGlobals) = postSolution
		SolutionGuid = {D392E8DB-DB08-49B6-A477-3C9456F35D33}
	EndGlobalSection
EndGlobal
